// !$*UTF8*$!
{
	archiveVersion = 1;
	classes = {
	};
	objectVersion = 55;
	objects = {

/* Begin PBXBuildFile section */
		032555252C34658700EDD151 /* MuseRankApp.swift in Sources */ = {isa = PBXBuildFile; fileRef = 032555242C34658700EDD151 /* MuseRankApp.swift */; };
		032555272C34658700EDD151 /* ContentView.swift in Sources */ = {isa = PBXBuildFile; fileRef = 032555262C34658700EDD151 /* ContentView.swift */; };
		032555292C34658C00EDD151 /* Assets.xcassets in Resources */ = {isa = PBXBuildFile; fileRef = 032555282C34658C00EDD151 /* Assets.xcassets */; };
		0325552C2C34658C00EDD151 /* Preview Assets.xcassets in Resources */ = {isa = PBXBuildFile; fileRef = 0325552B2C34658C00EDD151 /* Preview Assets.xcassets */; };
		032555362C34658C00EDD151 /* MuseRankTests.swift in Sources */ = {isa = PBXBuildFile; fileRef = 032555352C34658C00EDD151 /* MuseRankTests.swift */; };
		032555402C34658C00EDD151 /* MuseRankUITests.swift in Sources */ = {isa = PBXBuildFile; fileRef = 0325553F2C34658C00EDD151 /* MuseRankUITests.swift */; };
		032555422C34658C00EDD151 /* MuseRankUITestsLaunchTests.swift in Sources */ = {isa = PBXBuildFile; fileRef = 032555412C34658C00EDD151 /* MuseRankUITestsLaunchTests.swift */; };
		0325554F2C346A2B00EDD151 /* Albums.swift in Sources */ = {isa = PBXBuildFile; fileRef = 0325554E2C346A2B00EDD151 /* Albums.swift */; };
		032555582C346ED500EDD151 /* _SpotifyAPITestUtilities in Frameworks */ = {isa = PBXBuildFile; productRef = 032555572C346ED500EDD151 /* _SpotifyAPITestUtilities */; };
		0325555A2C3477A500EDD151 /* AlbumViewModel.swift in Sources */ = {isa = PBXBuildFile; fileRef = 032555592C3477A500EDD151 /* AlbumViewModel.swift */; };
		0325555C2C34810E00EDD151 /* AlbumDetailView.swift in Sources */ = {isa = PBXBuildFile; fileRef = 0325555B2C34810E00EDD151 /* AlbumDetailView.swift */; };
/* End PBXBuildFile section */

/* Begin PBXContainerItemProxy section */
		032555322C34658C00EDD151 /* PBXContainerItemProxy */ = {
			isa = PBXContainerItemProxy;
			containerPortal = 032555192C34658700EDD151 /* Project object */;
			proxyType = 1;
			remoteGlobalIDString = 032555202C34658700EDD151;
			remoteInfo = MuseRank;
		};
		0325553C2C34658C00EDD151 /* PBXContainerItemProxy */ = {
			isa = PBXContainerItemProxy;
			containerPortal = 032555192C34658700EDD151 /* Project object */;
			proxyType = 1;
			remoteGlobalIDString = 032555202C34658700EDD151;
			remoteInfo = MuseRank;
		};
/* End PBXContainerItemProxy section */

/* Begin PBXFileReference section */
		032555212C34658700EDD151 /* MuseRank.app */ = {isa = PBXFileReference; explicitFileType = wrapper.application; includeInIndex = 0; path = MuseRank.app; sourceTree = BUILT_PRODUCTS_DIR; };
		032555242C34658700EDD151 /* MuseRankApp.swift */ = {isa = PBXFileReference; lastKnownFileType = sourcecode.swift; path = MuseRankApp.swift; sourceTree = "<group>"; };
		032555262C34658700EDD151 /* ContentView.swift */ = {isa = PBXFileReference; lastKnownFileType = sourcecode.swift; path = ContentView.swift; sourceTree = "<group>"; };
		032555282C34658C00EDD151 /* Assets.xcassets */ = {isa = PBXFileReference; lastKnownFileType = folder.assetcatalog; path = Assets.xcassets; sourceTree = "<group>"; };
		0325552B2C34658C00EDD151 /* Preview Assets.xcassets */ = {isa = PBXFileReference; lastKnownFileType = folder.assetcatalog; path = "Preview Assets.xcassets"; sourceTree = "<group>"; };
		032555312C34658C00EDD151 /* MuseRankTests.xctest */ = {isa = PBXFileReference; explicitFileType = wrapper.cfbundle; includeInIndex = 0; path = MuseRankTests.xctest; sourceTree = BUILT_PRODUCTS_DIR; };
		032555352C34658C00EDD151 /* MuseRankTests.swift */ = {isa = PBXFileReference; lastKnownFileType = sourcecode.swift; path = MuseRankTests.swift; sourceTree = "<group>"; };
		0325553B2C34658C00EDD151 /* MuseRankUITests.xctest */ = {isa = PBXFileReference; explicitFileType = wrapper.cfbundle; includeInIndex = 0; path = MuseRankUITests.xctest; sourceTree = BUILT_PRODUCTS_DIR; };
		0325553F2C34658C00EDD151 /* MuseRankUITests.swift */ = {isa = PBXFileReference; lastKnownFileType = sourcecode.swift; path = MuseRankUITests.swift; sourceTree = "<group>"; };
		032555412C34658C00EDD151 /* MuseRankUITestsLaunchTests.swift */ = {isa = PBXFileReference; lastKnownFileType = sourcecode.swift; path = MuseRankUITestsLaunchTests.swift; sourceTree = "<group>"; };
		0325554E2C346A2B00EDD151 /* Albums.swift */ = {isa = PBXFileReference; lastKnownFileType = sourcecode.swift; path = Albums.swift; sourceTree = "<group>"; };
		032555592C3477A500EDD151 /* AlbumViewModel.swift */ = {isa = PBXFileReference; lastKnownFileType = sourcecode.swift; path = AlbumViewModel.swift; sourceTree = "<group>"; };
		0325555B2C34810E00EDD151 /* AlbumDetailView.swift */ = {isa = PBXFileReference; lastKnownFileType = sourcecode.swift; path = AlbumDetailView.swift; sourceTree = "<group>"; };
/* End PBXFileReference section */

/* Begin PBXFrameworksBuildPhase section */
		0325551E2C34658700EDD151 /* Frameworks */ = {
			isa = PBXFrameworksBuildPhase;
			buildActionMask = 2147483647;
			files = (
			);
			runOnlyForDeploymentPostprocessing = 0;
		};
		0325552E2C34658C00EDD151 /* Frameworks */ = {
			isa = PBXFrameworksBuildPhase;
			buildActionMask = 2147483647;
			files = (
			);
			runOnlyForDeploymentPostprocessing = 0;
		};
		032555382C34658C00EDD151 /* Frameworks */ = {
			isa = PBXFrameworksBuildPhase;
			buildActionMask = 2147483647;
			files = (
				032555582C346ED500EDD151 /* _SpotifyAPITestUtilities in Frameworks */,
			);
			runOnlyForDeploymentPostprocessing = 0;
		};
/* End PBXFrameworksBuildPhase section */

/* Begin PBXGroup section */
		032555182C34658700EDD151 = {
			isa = PBXGroup;
			children = (
				032555232C34658700EDD151 /* MuseRank */,
				032555342C34658C00EDD151 /* MuseRankTests */,
				0325553E2C34658C00EDD151 /* MuseRankUITests */,
				032555222C34658700EDD151 /* Products */,
			);
			sourceTree = "<group>";
		};
		032555222C34658700EDD151 /* Products */ = {
			isa = PBXGroup;
			children = (
				032555212C34658700EDD151 /* MuseRank.app */,
				032555312C34658C00EDD151 /* MuseRankTests.xctest */,
				0325553B2C34658C00EDD151 /* MuseRankUITests.xctest */,
			);
			name = Products;
			sourceTree = "<group>";
		};
		032555232C34658700EDD151 /* MuseRank */ = {
			isa = PBXGroup;
			children = (
				032555242C34658700EDD151 /* MuseRankApp.swift */,
				0325554E2C346A2B00EDD151 /* Albums.swift */,
				0325555B2C34810E00EDD151 /* AlbumDetailView.swift */,
				032555592C3477A500EDD151 /* AlbumViewModel.swift */,
				032555262C34658700EDD151 /* ContentView.swift */,
				032555282C34658C00EDD151 /* Assets.xcassets */,
				0325552A2C34658C00EDD151 /* Preview Content */,
			);
			path = MuseRank;
			sourceTree = "<group>";
		};
		0325552A2C34658C00EDD151 /* Preview Content */ = {
			isa = PBXGroup;
			children = (
				0325552B2C34658C00EDD151 /* Preview Assets.xcassets */,
			);
			path = "Preview Content";
			sourceTree = "<group>";
		};
		032555342C34658C00EDD151 /* MuseRankTests */ = {
			isa = PBXGroup;
			children = (
				032555352C34658C00EDD151 /* MuseRankTests.swift */,
			);
			path = MuseRankTests;
			sourceTree = "<group>";
		};
		0325553E2C34658C00EDD151 /* MuseRankUITests */ = {
			isa = PBXGroup;
			children = (
				0325553F2C34658C00EDD151 /* MuseRankUITests.swift */,
				032555412C34658C00EDD151 /* MuseRankUITestsLaunchTests.swift */,
			);
			path = MuseRankUITests;
			sourceTree = "<group>";
		};
/* End PBXGroup section */

/* Begin PBXNativeTarget section */
		032555202C34658700EDD151 /* MuseRank */ = {
			isa = PBXNativeTarget;
			buildConfigurationList = 032555452C34658C00EDD151 /* Build configuration list for PBXNativeTarget "MuseRank" */;
			buildPhases = (
				0325551D2C34658700EDD151 /* Sources */,
				0325551E2C34658700EDD151 /* Frameworks */,
				0325551F2C34658700EDD151 /* Resources */,
			);
			buildRules = (
			);
			dependencies = (
			);
			name = MuseRank;
			packageProductDependencies = (
			);
			productName = MuseRank;
			productReference = 032555212C34658700EDD151 /* MuseRank.app */;
			productType = "com.apple.product-type.application";
		};
		032555302C34658C00EDD151 /* MuseRankTests */ = {
			isa = PBXNativeTarget;
			buildConfigurationList = 032555482C34658C00EDD151 /* Build configuration list for PBXNativeTarget "MuseRankTests" */;
			buildPhases = (
				0325552D2C34658C00EDD151 /* Sources */,
				0325552E2C34658C00EDD151 /* Frameworks */,
				0325552F2C34658C00EDD151 /* Resources */,
			);
			buildRules = (
			);
			dependencies = (
				032555332C34658C00EDD151 /* PBXTargetDependency */,
			);
			name = MuseRankTests;
			productName = MuseRankTests;
			productReference = 032555312C34658C00EDD151 /* MuseRankTests.xctest */;
			productType = "com.apple.product-type.bundle.unit-test";
		};
		0325553A2C34658C00EDD151 /* MuseRankUITests */ = {
			isa = PBXNativeTarget;
			buildConfigurationList = 0325554B2C34658C00EDD151 /* Build configuration list for PBXNativeTarget "MuseRankUITests" */;
			buildPhases = (
				032555372C34658C00EDD151 /* Sources */,
				032555382C34658C00EDD151 /* Frameworks */,
				032555392C34658C00EDD151 /* Resources */,
			);
			buildRules = (
			);
			dependencies = (
				0325553D2C34658C00EDD151 /* PBXTargetDependency */,
			);
			name = MuseRankUITests;
			packageProductDependencies = (
				032555572C346ED500EDD151 /* _SpotifyAPITestUtilities */,
			);
			productName = MuseRankUITests;
			productReference = 0325553B2C34658C00EDD151 /* MuseRankUITests.xctest */;
			productType = "com.apple.product-type.bundle.ui-testing";
		};
/* End PBXNativeTarget section */

/* Begin PBXProject section */
		032555192C34658700EDD151 /* Project object */ = {
			isa = PBXProject;
			attributes = {
				BuildIndependentTargetsInParallel = 1;
				LastSwiftUpdateCheck = 1340;
				LastUpgradeCheck = 1340;
				TargetAttributes = {
					032555202C34658700EDD151 = {
						CreatedOnToolsVersion = 13.4.1;
					};
					032555302C34658C00EDD151 = {
						CreatedOnToolsVersion = 13.4.1;
						TestTargetID = 032555202C34658700EDD151;
					};
					0325553A2C34658C00EDD151 = {
						CreatedOnToolsVersion = 13.4.1;
						TestTargetID = 032555202C34658700EDD151;
					};
				};
			};
			buildConfigurationList = 0325551C2C34658700EDD151 /* Build configuration list for PBXProject "MuseRank" */;
			compatibilityVersion = "Xcode 13.0";
			developmentRegion = en;
			hasScannedForEncodings = 0;
			knownRegions = (
				en,
				Base,
			);
			mainGroup = 032555182C34658700EDD151;
			packageReferences = (
				032555522C346ED500EDD151 /* XCRemoteSwiftPackageReference "SpotifyAPI" */,
			);
			productRefGroup = 032555222C34658700EDD151 /* Products */;
			projectDirPath = "";
			projectRoot = "";
			targets = (
				032555202C34658700EDD151 /* MuseRank */,
				032555302C34658C00EDD151 /* MuseRankTests */,
				0325553A2C34658C00EDD151 /* MuseRankUITests */,
			);
		};
/* End PBXProject section */

/* Begin PBXResourcesBuildPhase section */
		0325551F2C34658700EDD151 /* Resources */ = {
			isa = PBXResourcesBuildPhase;
			buildActionMask = 2147483647;
			files = (
				0325552C2C34658C00EDD151 /* Preview Assets.xcassets in Resources */,
				032555292C34658C00EDD151 /* Assets.xcassets in Resources */,
			);
			runOnlyForDeploymentPostprocessing = 0;
		};
		0325552F2C34658C00EDD151 /* Resources */ = {
			isa = PBXResourcesBuildPhase;
			buildActionMask = 2147483647;
			files = (
			);
			runOnlyForDeploymentPostprocessing = 0;
		};
		032555392C34658C00EDD151 /* Resources */ = {
			isa = PBXResourcesBuildPhase;
			buildActionMask = 2147483647;
			files = (
			);
			runOnlyForDeploymentPostprocessing = 0;
		};
/* End PBXResourcesBuildPhase section */

/* Begin PBXSourcesBuildPhase section */
		0325551D2C34658700EDD151 /* Sources */ = {
			isa = PBXSourcesBuildPhase;
			buildActionMask = 2147483647;
			files = (
				0325555C2C34810E00EDD151 /* AlbumDetailView.swift in Sources */,
				0325555A2C3477A500EDD151 /* AlbumViewModel.swift in Sources */,
				0325554F2C346A2B00EDD151 /* Albums.swift in Sources */,
				032555272C34658700EDD151 /* ContentView.swift in Sources */,
				032555252C34658700EDD151 /* MuseRankApp.swift in Sources */,
			);
			runOnlyForDeploymentPostprocessing = 0;
		};
		0325552D2C34658C00EDD151 /* Sources */ = {
			isa = PBXSourcesBuildPhase;
			buildActionMask = 2147483647;
			files = (
				032555362C34658C00EDD151 /* MuseRankTests.swift in Sources */,
			);
			runOnlyForDeploymentPostprocessing = 0;
		};
		032555372C34658C00EDD151 /* Sources */ = {
			isa = PBXSourcesBuildPhase;
			buildActionMask = 2147483647;
			files = (
				032555422C34658C00EDD151 /* MuseRankUITestsLaunchTests.swift in Sources */,
				032555402C34658C00EDD151 /* MuseRankUITests.swift in Sources */,
			);
			runOnlyForDeploymentPostprocessing = 0;
		};
/* End PBXSourcesBuildPhase section */

/* Begin PBXTargetDependency section */
		032555332C34658C00EDD151 /* PBXTargetDependency */ = {
			isa = PBXTargetDependency;
			target = 032555202C34658700EDD151 /* MuseRank */;
			targetProxy = 032555322C34658C00EDD151 /* PBXContainerItemProxy */;
		};
		0325553D2C34658C00EDD151 /* PBXTargetDependency */ = {
			isa = PBXTargetDependency;
			target = 032555202C34658700EDD151 /* MuseRank */;
			targetProxy = 0325553C2C34658C00EDD151 /* PBXContainerItemProxy */;
		};
/* End PBXTargetDependency section */

/* Begin XCBuildConfiguration section */
		032555432C34658C00EDD151 /* Debug */ = {
			isa = XCBuildConfiguration;
			buildSettings = {
				ALWAYS_SEARCH_USER_PATHS = NO;
				CLANG_ANALYZER_NONNULL = YES;
				CLANG_ANALYZER_NUMBER_OBJECT_CONVERSION = YES_AGGRESSIVE;
				CLANG_CXX_LANGUAGE_STANDARD = "gnu++17";
				CLANG_ENABLE_MODULES = YES;
				CLANG_ENABLE_OBJC_ARC = YES;
				CLANG_ENABLE_OBJC_WEAK = YES;
				CLANG_WARN_BLOCK_CAPTURE_AUTORELEASING = YES;
				CLANG_WARN_BOOL_CONVERSION = YES;
				CLANG_WARN_COMMA = YES;
				CLANG_WARN_CONSTANT_CONVERSION = YES;
				CLANG_WARN_DEPRECATED_OBJC_IMPLEMENTATIONS = YES;
				CLANG_WARN_DIRECT_OBJC_ISA_USAGE = YES_ERROR;
				CLANG_WARN_DOCUMENTATION_COMMENTS = YES;
				CLANG_WARN_EMPTY_BODY = YES;
				CLANG_WARN_ENUM_CONVERSION = YES;
				CLANG_WARN_INFINITE_RECURSION = YES;
				CLANG_WARN_INT_CONVERSION = YES;
				CLANG_WARN_NON_LITERAL_NULL_CONVERSION = YES;
				CLANG_WARN_OBJC_IMPLICIT_RETAIN_SELF = YES;
				CLANG_WARN_OBJC_LITERAL_CONVERSION = YES;
				CLANG_WARN_OBJC_ROOT_CLASS = YES_ERROR;
				CLANG_WARN_QUOTED_INCLUDE_IN_FRAMEWORK_HEADER = YES;
				CLANG_WARN_RANGE_LOOP_ANALYSIS = YES;
				CLANG_WARN_STRICT_PROTOTYPES = YES;
				CLANG_WARN_SUSPICIOUS_MOVE = YES;
				CLANG_WARN_UNGUARDED_AVAILABILITY = YES_AGGRESSIVE;
				CLANG_WARN_UNREACHABLE_CODE = YES;
				CLANG_WARN__DUPLICATE_METHOD_MATCH = YES;
				COPY_PHASE_STRIP = NO;
				DEBUG_INFORMATION_FORMAT = dwarf;
				ENABLE_STRICT_OBJC_MSGSEND = YES;
				ENABLE_TESTABILITY = YES;
				GCC_C_LANGUAGE_STANDARD = gnu11;
				GCC_DYNAMIC_NO_PIC = NO;
				GCC_NO_COMMON_BLOCKS = YES;
				GCC_OPTIMIZATION_LEVEL = 0;
				GCC_PREPROCESSOR_DEFINITIONS = (
					"DEBUG=1",
					"$(inherited)",
				);
				GCC_WARN_64_TO_32_BIT_CONVERSION = YES;
				GCC_WARN_ABOUT_RETURN_TYPE = YES_ERROR;
				GCC_WARN_UNDECLARED_SELECTOR = YES;
				GCC_WARN_UNINITIALIZED_AUTOS = YES_AGGRESSIVE;
				GCC_WARN_UNUSED_FUNCTION = YES;
				GCC_WARN_UNUSED_VARIABLE = YES;
				IPHONEOS_DEPLOYMENT_TARGET = 15.5;
				MTL_ENABLE_DEBUG_INFO = INCLUDE_SOURCE;
				MTL_FAST_MATH = YES;
				ONLY_ACTIVE_ARCH = YES;
				SDKROOT = iphoneos;
				SWIFT_ACTIVE_COMPILATION_CONDITIONS = DEBUG;
				SWIFT_OPTIMIZATION_LEVEL = "-Onone";
			};
			name = Debug;
		};
		032555442C34658C00EDD151 /* Release */ = {
			isa = XCBuildConfiguration;
			buildSettings = {
				ALWAYS_SEARCH_USER_PATHS = NO;
				CLANG_ANALYZER_NONNULL = YES;
				CLANG_ANALYZER_NUMBER_OBJECT_CONVERSION = YES_AGGRESSIVE;
				CLANG_CXX_LANGUAGE_STANDARD = "gnu++17";
				CLANG_ENABLE_MODULES = YES;
				CLANG_ENABLE_OBJC_ARC = YES;
				CLANG_ENABLE_OBJC_WEAK = YES;
				CLANG_WARN_BLOCK_CAPTURE_AUTORELEASING = YES;
				CLANG_WARN_BOOL_CONVERSION = YES;
				CLANG_WARN_COMMA = YES;
				CLANG_WARN_CONSTANT_CONVERSION = YES;
				CLANG_WARN_DEPRECATED_OBJC_IMPLEMENTATIONS = YES;
				CLANG_WARN_DIRECT_OBJC_ISA_USAGE = YES_ERROR;
				CLANG_WARN_DOCUMENTATION_COMMENTS = YES;
				CLANG_WARN_EMPTY_BODY = YES;
				CLANG_WARN_ENUM_CONVERSION = YES;
				CLANG_WARN_INFINITE_RECURSION = YES;
				CLANG_WARN_INT_CONVERSION = YES;
				CLANG_WARN_NON_LITERAL_NULL_CONVERSION = YES;
				CLANG_WARN_OBJC_IMPLICIT_RETAIN_SELF = YES;
				CLANG_WARN_OBJC_LITERAL_CONVERSION = YES;
				CLANG_WARN_OBJC_ROOT_CLASS = YES_ERROR;
				CLANG_WARN_QUOTED_INCLUDE_IN_FRAMEWORK_HEADER = YES;
				CLANG_WARN_RANGE_LOOP_ANALYSIS = YES;
				CLANG_WARN_STRICT_PROTOTYPES = YES;
				CLANG_WARN_SUSPICIOUS_MOVE = YES;
				CLANG_WARN_UNGUARDED_AVAILABILITY = YES_AGGRESSIVE;
				CLANG_WARN_UNREACHABLE_CODE = YES;
				CLANG_WARN__DUPLICATE_METHOD_MATCH = YES;
				COPY_PHASE_STRIP = NO;
				DEBUG_INFORMATION_FORMAT = "dwarf-with-dsym";
				ENABLE_NS_ASSERTIONS = NO;
				ENABLE_STRICT_OBJC_MSGSEND = YES;
				GCC_C_LANGUAGE_STANDARD = gnu11;
				GCC_NO_COMMON_BLOCKS = YES;
				GCC_WARN_64_TO_32_BIT_CONVERSION = YES;
				GCC_WARN_ABOUT_RETURN_TYPE = YES_ERROR;
				GCC_WARN_UNDECLARED_SELECTOR = YES;
				GCC_WARN_UNINITIALIZED_AUTOS = YES_AGGRESSIVE;
				GCC_WARN_UNUSED_FUNCTION = YES;
				GCC_WARN_UNUSED_VARIABLE = YES;
				IPHONEOS_DEPLOYMENT_TARGET = 15.5;
				MTL_ENABLE_DEBUG_INFO = NO;
				MTL_FAST_MATH = YES;
				SDKROOT = iphoneos;
				SWIFT_COMPILATION_MODE = wholemodule;
				SWIFT_OPTIMIZATION_LEVEL = "-O";
				VALIDATE_PRODUCT = YES;
			};
			name = Release;
		};
		032555462C34658C00EDD151 /* Debug */ = {
			isa = XCBuildConfiguration;
			buildSettings = {
				ASSETCATALOG_COMPILER_APPICON_NAME = AppIcon;
				ASSETCATALOG_COMPILER_GLOBAL_ACCENT_COLOR_NAME = AccentColor;
				CODE_SIGN_STYLE = Automatic;
				CURRENT_PROJECT_VERSION = 1;
				DEVELOPMENT_ASSET_PATHS = "\"MuseRank/Preview Content\"";
				ENABLE_PREVIEWS = YES;
				GENERATE_INFOPLIST_FILE = YES;
				INFOPLIST_KEY_UIApplicationSceneManifest_Generation = YES;
				INFOPLIST_KEY_UIApplicationSupportsIndirectInputEvents = YES;
				INFOPLIST_KEY_UILaunchScreen_Generation = YES;
				INFOPLIST_KEY_UISupportedInterfaceOrientations_iPad = "UIInterfaceOrientationPortrait UIInterfaceOrientationPortraitUpsideDown UIInterfaceOrientationLandscapeLeft UIInterfaceOrientationLandscapeRight";
				INFOPLIST_KEY_UISupportedInterfaceOrientations_iPhone = "UIInterfaceOrientationPortrait UIInterfaceOrientationLandscapeLeft UIInterfaceOrientationLandscapeRight";
				LD_RUNPATH_SEARCH_PATHS = (
					"$(inherited)",
					"@executable_path/Frameworks",
				);
				MARKETING_VERSION = 1.0;
				PRODUCT_BUNDLE_IDENTIFIER = kee.MuseRank;
				PRODUCT_NAME = "$(TARGET_NAME)";
				SWIFT_EMIT_LOC_STRINGS = YES;
				SWIFT_VERSION = 5.0;
				TARGETED_DEVICE_FAMILY = "1,2";
			};
			name = Debug;
		};
		032555472C34658C00EDD151 /* Release */ = {
			isa = XCBuildConfiguration;
			buildSettings = {
				ASSETCATALOG_COMPILER_APPICON_NAME = AppIcon;
				ASSETCATALOG_COMPILER_GLOBAL_ACCENT_COLOR_NAME = AccentColor;
				CODE_SIGN_STYLE = Automatic;
				CURRENT_PROJECT_VERSION = 1;
				DEVELOPMENT_ASSET_PATHS = "\"MuseRank/Preview Content\"";
				ENABLE_PREVIEWS = YES;
				GENERATE_INFOPLIST_FILE = YES;
				INFOPLIST_KEY_UIApplicationSceneManifest_Generation = YES;
				INFOPLIST_KEY_UIApplicationSupportsIndirectInputEvents = YES;
				INFOPLIST_KEY_UILaunchScreen_Generation = YES;
				INFOPLIST_KEY_UISupportedInterfaceOrientations_iPad = "UIInterfaceOrientationPortrait UIInterfaceOrientationPortraitUpsideDown UIInterfaceOrientationLandscapeLeft UIInterfaceOrientationLandscapeRight";
				INFOPLIST_KEY_UISupportedInterfaceOrientations_iPhone = "UIInterfaceOrientationPortrait UIInterfaceOrientationLandscapeLeft UIInterfaceOrientationLandscapeRight";
				LD_RUNPATH_SEARCH_PATHS = (
					"$(inherited)",
					"@executable_path/Frameworks",
				);
				MARKETING_VERSION = 1.0;
				PRODUCT_BUNDLE_IDENTIFIER = kee.MuseRank;
				PRODUCT_NAME = "$(TARGET_NAME)";
				SWIFT_EMIT_LOC_STRINGS = YES;
				SWIFT_VERSION = 5.0;
				TARGETED_DEVICE_FAMILY = "1,2";
			};
			name = Release;
		};
		032555492C34658C00EDD151 /* Debug */ = {
			isa = XCBuildConfiguration;
			buildSettings = {
				ALWAYS_EMBED_SWIFT_STANDARD_LIBRARIES = YES;
				BUNDLE_LOADER = "$(TEST_HOST)";
				CODE_SIGN_STYLE = Automatic;
				CURRENT_PROJECT_VERSION = 1;
				GENERATE_INFOPLIST_FILE = YES;
				IPHONEOS_DEPLOYMENT_TARGET = 15.5;
				MARKETING_VERSION = 1.0;
				PRODUCT_BUNDLE_IDENTIFIER = kee.MuseRankTests;
				PRODUCT_NAME = "$(TARGET_NAME)";
				SWIFT_EMIT_LOC_STRINGS = NO;
				SWIFT_VERSION = 5.0;
				TARGETED_DEVICE_FAMILY = "1,2";
				TEST_HOST = "$(BUILT_PRODUCTS_DIR)/MuseRank.app/MuseRank";
			};
			name = Debug;
		};
		0325554A2C34658C00EDD151 /* Release */ = {
			isa = XCBuildConfiguration;
			buildSettings = {
				ALWAYS_EMBED_SWIFT_STANDARD_LIBRARIES = YES;
				BUNDLE_LOADER = "$(TEST_HOST)";
				CODE_SIGN_STYLE = Automatic;
				CURRENT_PROJECT_VERSION = 1;
				GENERATE_INFOPLIST_FILE = YES;
				IPHONEOS_DEPLOYMENT_TARGET = 15.5;
				MARKETING_VERSION = 1.0;
				PRODUCT_BUNDLE_IDENTIFIER = kee.MuseRankTests;
				PRODUCT_NAME = "$(TARGET_NAME)";
				SWIFT_EMIT_LOC_STRINGS = NO;
				SWIFT_VERSION = 5.0;
				TARGETED_DEVICE_FAMILY = "1,2";
				TEST_HOST = "$(BUILT_PRODUCTS_DIR)/MuseRank.app/MuseRank";
			};
			name = Release;
		};
		0325554C2C34658C00EDD151 /* Debug */ = {
			isa = XCBuildConfiguration;
			buildSettings = {
				ALWAYS_EMBED_SWIFT_STANDARD_LIBRARIES = YES;
				CODE_SIGN_STYLE = Automatic;
				CURRENT_PROJECT_VERSION = 1;
				GENERATE_INFOPLIST_FILE = YES;
				MARKETING_VERSION = 1.0;
				PRODUCT_BUNDLE_IDENTIFIER = kee.MuseRankUITests;
				PRODUCT_NAME = "$(TARGET_NAME)";
				SWIFT_EMIT_LOC_STRINGS = NO;
				SWIFT_VERSION = 5.0;
				TARGETED_DEVICE_FAMILY = "1,2";
				TEST_TARGET_NAME = MuseRank;
			};
			name = Debug;
		};
		0325554D2C34658C00EDD151 /* Release */ = {
			isa = XCBuildConfiguration;
			buildSettings = {
				ALWAYS_EMBED_SWIFT_STANDARD_LIBRARIES = YES;
				CODE_SIGN_STYLE = Automatic;
				CURRENT_PROJECT_VERSION = 1;
				GENERATE_INFOPLIST_FILE = YES;
				MARKETING_VERSION = 1.0;
				PRODUCT_BUNDLE_IDENTIFIER = kee.MuseRankUITests;
				PRODUCT_NAME = "$(TARGET_NAME)";
				SWIFT_EMIT_LOC_STRINGS = NO;
				SWIFT_VERSION = 5.0;
				TARGETED_DEVICE_FAMILY = "1,2";
				TEST_TARGET_NAME = MuseRank;
			};
			name = Release;
		};
/* End XCBuildConfiguration section */

/* Begin XCConfigurationList section */
		0325551C2C34658700EDD151 /* Build configuration list for PBXProject "MuseRank" */ = {
			isa = XCConfigurationList;
			buildConfigurations = (
				032555432C34658C00EDD151 /* Debug */,
				032555442C34658C00EDD151 /* Release */,
			);
			defaultConfigurationIsVisible = 0;
			defaultConfigurationName = Release;
		};
		032555452C34658C00EDD151 /* Build configuration list for PBXNativeTarget "MuseRank" */ = {
			isa = XCConfigurationList;
			buildConfigurations = (
				032555462C34658C00EDD151 /* Debug */,
				032555472C34658C00EDD151 /* Release */,
			);
			defaultConfigurationIsVisible = 0;
			defaultConfigurationName = Release;
		};
		032555482C34658C00EDD151 /* Build configuration list for PBXNativeTarget "MuseRankTests" */ = {
			isa = XCConfigurationList;
			buildConfigurations = (
				032555492C34658C00EDD151 /* Debug */,
				0325554A2C34658C00EDD151 /* Release */,
			);
			defaultConfigurationIsVisible = 0;
			defaultConfigurationName = Release;
		};
		0325554B2C34658C00EDD151 /* Build configuration list for PBXNativeTarget "MuseRankUITests" */ = {
			isa = XCConfigurationList;
			buildConfigurations = (
				0325554C2C34658C00EDD151 /* Debug */,
				0325554D2C34658C00EDD151 /* Release */,
			);
			defaultConfigurationIsVisible = 0;
			defaultConfigurationName = Release;
		};
/* End XCConfigurationList section */

/* Begin XCRemoteSwiftPackageReference section */
		032555522C346ED500EDD151 /* XCRemoteSwiftPackageReference "SpotifyAPI" */ = {
			isa = XCRemoteSwiftPackageReference;
			repositoryURL = "https://github.com/Peter-Schorn/SpotifyAPI";
			requirement = {
				kind = upToNextMajorVersion;
				minimumVersion = 3.0.0;
			};
		};
/* End XCRemoteSwiftPackageReference section */

/* Begin XCSwiftPackageProductDependency section */
		032555572C346ED500EDD151 /* _SpotifyAPITestUtilities */ = {
			isa = XCSwiftPackageProductDependency;
			package = 032555522C346ED500EDD151 /* XCRemoteSwiftPackageReference "SpotifyAPI" */;
			productName = _SpotifyAPITestUtilities;
		};
/* End XCSwiftPackageProductDependency section */
	};
	rootObject = 032555192C34658700EDD151 /* Project object */;
}
